#MicroXplorer Configuration settings - do not modify
Mcu.Family=STM32F0
VP_RTC_VS_RTC_Activate.Signal=RTC_VS_RTC_Activate
ProjectManager.MainLocation=Core/Src
PC15-OSC32_OUT.Mode=LSE-External-Oscillator
PA2.GPIO_PuPd=GPIO_NOPULL
RCC.I2SFreq_Value=48000000
RCC.MCOFreq_Value=48000000
USB_DEVICE.CLASS_NAME_FS=CDC
RCC.USART1Freq_Value=48000000
ProjectManager.ProjectFileName=F072_USB2CAN_LAWICEL.ioc
USART2.IPParameters=VirtualMode,VirtualMode-Asynchronous
ProjectManager.KeepUserCode=true
Mcu.UserName=STM32F072RBTx
Mcu.PinsNb=18
NVIC.USB_IRQn=true\:0\:0\:false\:false\:true\:false\:true
ProjectManager.NoMain=false
USB_DEVICE.VirtualModeFS=Cdc_FS
PC13.Locked=true
RCC.PLLCLKFreq_Value=48000000
PC13.Signal=GPXTI13
USB_DEVICE.PID_CDC_FS=0x5740
PA14.GPIO_Label=TCK
PA3.GPIO_PuPd=GPIO_NOPULL
ProjectManager.functionlistsort=1-MX_GPIO_Init-GPIO-false-LL-true,2-SystemClock_Config-RCC-false-HAL-false,3-MX_USART2_UART_Init-USART2-false-HAL-true,4-MX_CAN_Init-CAN-false-HAL-true,5-MX_USB_DEVICE_Init-USB_DEVICE-false-HAL-false,6-MX_RTC_Init-RTC-false-LL-true
PA2.GPIO_Speed=GPIO_SPEED_FREQ_LOW
VP_RTC_VS_RTC_Activate.Mode=RTC_Enabled
PA11.Mode=Device
PA3.GPIOParameters=GPIO_Speed,GPIO_PuPd,GPIO_Label,GPIO_Mode
ProjectManager.DefaultFWLocation=true
RCC.USART2Freq_Value=48000000
VP_RTC_VS_RTC_Calendar.Signal=RTC_VS_RTC_Calendar
USB.IPParameters=lpm_enable
NVIC.SVC_IRQn=true\:0\:0\:false\:false\:true\:false\:false
ProjectManager.DeletePrevious=true
PF1-OSC_OUT.Locked=true
PC13.GPIO_Label=BUTTON [Blue PushButton]
PC14-OSC32_IN.Signal=RCC_OSC32_IN
PA3.GPIO_Speed=GPIO_SPEED_FREQ_LOW
USB.lpm_enable=DISABLE
boardIOC=true
USB_DEVICE.IPParameters=VirtualMode,VirtualModeFS,CLASS_NAME_FS,VID,PID_CDC_FS
PA2.GPIOParameters=GPIO_Speed,GPIO_PuPd,GPIO_Label,GPIO_Mode
PinOutPanel.RotationAngle=0
RCC.FamilyName=M
RCC.SYSCLKSource=RCC_SYSCLKSOURCE_PLLCLK
ProjectManager.StackSize=0x400
SH.GPXTI13.0=GPIO_EXTI13
PA3.Mode=Asynchronous
PA13.Signal=SYS_SWDIO
Mcu.IP4=SYS
RCC.FCLKCortexFreq_Value=48000000
Mcu.IP5=USART2
Mcu.IP2=RCC
Mcu.IP3=RTC
Mcu.IP0=CAN
Mcu.IP1=NVIC
PA12.Signal=USB_DP
CAN.BS2=CAN_BS2_5TQ
CAN.BS1=CAN_BS1_6TQ
CAN.Prescaler=32
PC15-OSC32_OUT.Locked=true
Mcu.UserConstants=
USB_DEVICE.VID=0x483
ProjectManager.TargetToolchain=STM32CubeIDE
SH.GPXTI13.ConfNb=1
Mcu.ThirdPartyNb=0
PA3.GPIO_Mode=GPIO_MODE_AF_PP
RCC.HCLKFreq_Value=48000000
VP_USB_DEVICE_VS_USB_DEVICE_CDC_FS.Mode=CDC_FS
Mcu.IPNb=8
ProjectManager.PreviousToolchain=
PB9.Mode=Master
RTC.IPParameters=Hours,Minutes
Mcu.Pin6=PA3
RCC.PLLDivider=RCC_PREDIV_DIV2
Mcu.Pin7=PA5
ProjectManager.RegisterCallBack=
Mcu.Pin8=PA11
Mcu.Pin9=PA12
CAN.Mode=CAN_MODE_NORMAL
PC15-OSC32_OUT.Signal=RCC_OSC32_OUT
RCC.AHBFreq_Value=48000000
Mcu.Pin0=PC13
Mcu.Pin1=PC14-OSC32_IN
PF0-OSC_IN.Mode=HSE-External-Clock-Source
Mcu.Pin2=PC15-OSC32_OUT
RCC.PREFETCH_ENABLE-AdvancedSettings=1
Mcu.Pin3=PF0-OSC_IN
Mcu.Pin4=PF1-OSC_OUT
Mcu.Pin5=PA2
PA5.Signal=GPIO_Output
ProjectManager.ProjectBuild=false
RTC.Minutes=37
board=NUCLEO-F072RB
USART2.VirtualMode-Asynchronous=VM_ASYNC
NVIC.SysTick_IRQn=true\:0\:0\:true\:false\:true\:true\:true
ProjectManager.LastFirmware=true
RCC.PLLMUL=RCC_PLL_MUL12
ProjectManager.FirmwarePackage=STM32Cube FW_F0 V1.11.1
MxDb.Version=DB.6.0.0
ProjectManager.BackupPrevious=true
MxCube.Version=6.0.1
PC14-OSC32_IN.Mode=LSE-External-Oscillator
PA14.Mode=Serial_Wire
PF0-OSC_IN.Locked=true
PC13.GPIOParameters=GPIO_Label,GPIO_ModeDefaultEXTI
PA5.GPIO_PuPd=GPIO_NOPULL
File.Version=6
VP_SYS_VS_Systick.Mode=SysTick
NVIC.NonMaskableInt_IRQn=true\:0\:0\:false\:false\:true\:false\:false
CAN.IPParameters=CalculateTimeQuantum,BS1,BS2,Prescaler,Mode
NVIC.PendSV_IRQn=true\:0\:0\:false\:false\:true\:false\:false
PA13.Mode=Serial_Wire
ProjectManager.FreePins=true
RCC.IPParameters=AHBFreq_Value,APB1Freq_Value,APB1TimFreq_Value,CECFreq_Value,FCLKCortexFreq_Value,FLatency-AdvancedSettings,FamilyName,HCLKFreq_Value,HSICECFreq_Value,I2SFreq_Value,MCOFreq_Value,PLLCLKFreq_Value,PLLDivider,PLLMCOFreq_Value,PLLMUL,PREFETCH_ENABLE-AdvancedSettings,SYSCLKFreq_VALUE,SYSCLKSource,TimSysFreq_Value,USART1Freq_Value,USART2Freq_Value,USBClockSelection
ProjectManager.AskForMigrate=true
Mcu.Name=STM32F072R(8-B)Tx
CAN.CalculateTimeQuantum=666.6666666666666
ProjectManager.HalAssertFull=true
PA2.Signal=USART2_TX
PA13.GPIO_Label=TMS
ProjectManager.ProjectName=F072_USB2CAN_LAWICEL
ProjectManager.UnderRoot=true
RCC.FLatency-AdvancedSettings=FLASH_LATENCY_1
RCC.HSICECFreq_Value=32786.88524590164
PA13.GPIOParameters=GPIO_Label
Mcu.IP6=USB
RCC.PLLMCOFreq_Value=48000000
Mcu.IP7=USB_DEVICE
ProjectManager.CoupleFile=true
NVIC.CEC_CAN_IRQn=true\:0\:0\:false\:false\:true\:true\:true
RCC.SYSCLKFreq_VALUE=48000000
RTC.Hours=0
Mcu.Package=LQFP64
PB9.Signal=CAN_TX
RCC.TimSysFreq_Value=48000000
PA3.Locked=true
PA5.Locked=true
PA12.Mode=Device
PA5.GPIO_Label=LED [Green Led]
NVIC.ForceEnableDMAVector=true
KeepUserPlacement=false
PC13.GPIO_ModeDefaultEXTI=GPIO_MODE_IT_FALLING
USART2.VirtualMode=VM_ASYNC
PA14.GPIOParameters=GPIO_Label
PA13.Locked=true
PA14.Locked=true
ProjectManager.CompilerOptimize=6
ProjectManager.ToolChainLocation=
PA2.GPIO_Label=USART_TX
VP_SYS_VS_Systick.Signal=SYS_VS_Systick
PA11.Signal=USB_DM
PA14.Signal=SYS_SWCLK
VP_RTC_VS_RTC_Calendar.Mode=RTC_Calendar
ProjectManager.HeapSize=0x200
Mcu.Pin15=VP_RTC_VS_RTC_Calendar
NVIC.HardFault_IRQn=true\:0\:0\:false\:false\:true\:false\:false
Mcu.Pin16=VP_SYS_VS_Systick
VP_USB_DEVICE_VS_USB_DEVICE_CDC_FS.Signal=USB_DEVICE_VS_USB_DEVICE_CDC_FS
PA5.GPIOParameters=GPIO_Speed,GPIO_PuPd,GPIO_Label,GPIO_Mode
Mcu.Pin13=PB9
Mcu.Pin14=VP_RTC_VS_RTC_Activate
ProjectManager.ComputerToolchain=false
Mcu.Pin17=VP_USB_DEVICE_VS_USB_DEVICE_CDC_FS
PA5.GPIO_Speed=GPIO_SPEED_FREQ_LOW
Mcu.Pin11=PA14
Mcu.Pin12=PB8
PB8.Mode=Master
Mcu.Pin10=PA13
RCC.CECFreq_Value=32786.88524590164
RCC.APB1TimFreq_Value=48000000
PA2.Mode=Asynchronous
PB8.Signal=CAN_RX
PF0-OSC_IN.Signal=RCC_OSC_IN
RCC.APB1Freq_Value=48000000
PA5.GPIO_Mode=GPIO_MODE_OUTPUT_PP
USB_DEVICE.VirtualMode=Cdc
RCC.USBClockSelection=RCC_USBCLKSOURCE_PLL
ProjectManager.CustomerFirmwarePackage=
ProjectManager.DeviceId=STM32F072RBTx
PC14-OSC32_IN.Locked=true
PF1-OSC_OUT.Signal=RCC_OSC_OUT
ProjectManager.LibraryCopy=1
PA3.GPIO_Label=USART_RX
PA3.Signal=USART2_RX
PA2.GPIO_Mode=GPIO_MODE_AF_PP
PA2.Locked=true
